// !$*UTF8*$!
{
	archiveVersion = 1;
	classes = {
	};
	objectVersion = 51;
	objects = {

/* Begin PBXBuildFile section */
		4FDF392E247AA943003AEE03 /* AppDelegate.swift in Sources */ = {isa = PBXBuildFile; fileRef = 4FDF392D247AA943003AEE03 /* AppDelegate.swift */; };
		4FDF3937247AA945003AEE03 /* Assets.xcassets in Resources */ = {isa = PBXBuildFile; fileRef = 4FDF3936247AA945003AEE03 /* Assets.xcassets */; };
		4FDF393A247AA945003AEE03 /* LaunchScreen.storyboard in Resources */ = {isa = PBXBuildFile; fileRef = 4FDF3938247AA945003AEE03 /* LaunchScreen.storyboard */; };
		4FDF3945247AA945003AEE03 /* BillSplitTests.swift in Sources */ = {isa = PBXBuildFile; fileRef = 4FDF3944247AA945003AEE03 /* BillSplitTests.swift */; };
		4FDF3953247AB7D5003AEE03 /* BalanceResolver.swift in Sources */ = {isa = PBXBuildFile; fileRef = 4FDF3952247AB7D4003AEE03 /* BalanceResolver.swift */; };
		4FDF3955247AB885003AEE03 /* Natrium.swift in Sources */ = {isa = PBXBuildFile; fileRef = 4FDF3954247AB885003AEE03 /* Natrium.swift */; };
		4FDF3959247AE192003AEE03 /* BalanceResolverTests.swift in Sources */ = {isa = PBXBuildFile; fileRef = 4FDF3958247AE192003AEE03 /* BalanceResolverTests.swift */; };
		4FDF395B247AE6D7003AEE03 /* AuthenticationCoordinator.swift in Sources */ = {isa = PBXBuildFile; fileRef = 4FDF395A247AE6D7003AEE03 /* AuthenticationCoordinator.swift */; };
		4FDF395D247AE6E2003AEE03 /* Coordinator.swift in Sources */ = {isa = PBXBuildFile; fileRef = 4FDF395C247AE6E2003AEE03 /* Coordinator.swift */; };
		4FDF395F247AEBD6003AEE03 /* AuthenticationController.xib in Resources */ = {isa = PBXBuildFile; fileRef = 4FDF395E247AEBD6003AEE03 /* AuthenticationController.xib */; };
		4FDF3964247AFD34003AEE03 /* AuthenticationController.swift in Sources */ = {isa = PBXBuildFile; fileRef = 4FDF3963247AFD34003AEE03 /* AuthenticationController.swift */; };
		4FDF3967247AFD8C003AEE03 /* LoginController.swift in Sources */ = {isa = PBXBuildFile; fileRef = 4FDF3965247AFD8C003AEE03 /* LoginController.swift */; };
		4FDF396B247AFDA8003AEE03 /* SignUpController.swift in Sources */ = {isa = PBXBuildFile; fileRef = 4FDF3969247AFDA8003AEE03 /* SignUpController.swift */; };
		4FDF396E247B15E8003AEE03 /* TextInputRow.swift in Sources */ = {isa = PBXBuildFile; fileRef = 4FDF396D247B15E8003AEE03 /* TextInputRow.swift */; };
		4FDF3970247B1944003AEE03 /* BillSplitAPI.swift in Sources */ = {isa = PBXBuildFile; fileRef = 4FDF396F247B1944003AEE03 /* BillSplitAPI.swift */; };
		4FDF3972247BD05C003AEE03 /* Models.swift in Sources */ = {isa = PBXBuildFile; fileRef = 4FDF3971247BD05C003AEE03 /* Models.swift */; };
		4FDF3974247BF227003AEE03 /* HomeCoordinator.swift in Sources */ = {isa = PBXBuildFile; fileRef = 4FDF3973247BF227003AEE03 /* HomeCoordinator.swift */; };
		4FDF3976247C0654003AEE03 /* Constants.swift in Sources */ = {isa = PBXBuildFile; fileRef = 4FDF3975247C0654003AEE03 /* Constants.swift */; };
		4FDF3978247C0675003AEE03 /* APIService.swift in Sources */ = {isa = PBXBuildFile; fileRef = 4FDF3977247C0675003AEE03 /* APIService.swift */; };
		4FE0EA8D247C18D50005E715 /* DataSource.swift in Sources */ = {isa = PBXBuildFile; fileRef = 4FE0EA8C247C18D50005E715 /* DataSource.swift */; };
		4FE0EA90247CE8D20005E715 /* Localizable.stringsdict in Resources */ = {isa = PBXBuildFile; fileRef = 4FE0EA92247CE8D20005E715 /* Localizable.stringsdict */; };
		4FE0EA94247CFBD60005E715 /* Model+RxDataSource.swift in Sources */ = {isa = PBXBuildFile; fileRef = 4FE0EA93247CFBD60005E715 /* Model+RxDataSource.swift */; };
		4FE0EA96247CFBFA0005E715 /* UIKit+Extensions.swift in Sources */ = {isa = PBXBuildFile; fileRef = 4FE0EA95247CFBFA0005E715 /* UIKit+Extensions.swift */; };
		4FE0EA98247CFC670005E715 /* HomeController.swift in Sources */ = {isa = PBXBuildFile; fileRef = 4FE0EA97247CFC670005E715 /* HomeController.swift */; };
		77E84CD5D50F028D42E70CE7 /* Pods_BillSplitTests.framework in Frameworks */ = {isa = PBXBuildFile; fileRef = 3786F92783661ADD5F78B7E6 /* Pods_BillSplitTests.framework */; };
		B5AF234885EA95715EBA714E /* Pods_BillSplit.framework in Frameworks */ = {isa = PBXBuildFile; fileRef = 0E680DAD983128928C79641A /* Pods_BillSplit.framework */; };
/* End PBXBuildFile section */

/* Begin PBXContainerItemProxy section */
		4FDF3941247AA945003AEE03 /* PBXContainerItemProxy */ = {
			isa = PBXContainerItemProxy;
			containerPortal = 4FDF3922247AA943003AEE03 /* Project object */;
			proxyType = 1;
			remoteGlobalIDString = 4FDF3929247AA943003AEE03;
			remoteInfo = BillSplit;
		};
/* End PBXContainerItemProxy section */

/* Begin PBXFileReference section */
		0E680DAD983128928C79641A /* Pods_BillSplit.framework */ = {isa = PBXFileReference; explicitFileType = wrapper.framework; includeInIndex = 0; path = Pods_BillSplit.framework; sourceTree = BUILT_PRODUCTS_DIR; };
		3786F92783661ADD5F78B7E6 /* Pods_BillSplitTests.framework */ = {isa = PBXFileReference; explicitFileType = wrapper.framework; includeInIndex = 0; path = Pods_BillSplitTests.framework; sourceTree = BUILT_PRODUCTS_DIR; };
		419377B200CABDE6EBB40B1D /* Pods-BillSplitTests.release.xcconfig */ = {isa = PBXFileReference; includeInIndex = 1; lastKnownFileType = text.xcconfig; name = "Pods-BillSplitTests.release.xcconfig"; path = "Target Support Files/Pods-BillSplitTests/Pods-BillSplitTests.release.xcconfig"; sourceTree = "<group>"; };
		4FDF392A247AA943003AEE03 /* BillSplit.app */ = {isa = PBXFileReference; explicitFileType = wrapper.application; includeInIndex = 0; path = BillSplit.app; sourceTree = BUILT_PRODUCTS_DIR; };
		4FDF392D247AA943003AEE03 /* AppDelegate.swift */ = {isa = PBXFileReference; lastKnownFileType = sourcecode.swift; path = AppDelegate.swift; sourceTree = "<group>"; };
		4FDF3936247AA945003AEE03 /* Assets.xcassets */ = {isa = PBXFileReference; lastKnownFileType = folder.assetcatalog; path = Assets.xcassets; sourceTree = "<group>"; };
		4FDF3939247AA945003AEE03 /* Base */ = {isa = PBXFileReference; lastKnownFileType = file.storyboard; name = Base; path = Base.lproj/LaunchScreen.storyboard; sourceTree = "<group>"; };
		4FDF393B247AA945003AEE03 /* Info.plist */ = {isa = PBXFileReference; lastKnownFileType = text.plist.xml; path = Info.plist; sourceTree = "<group>"; };
		4FDF3940247AA945003AEE03 /* BillSplitTests.xctest */ = {isa = PBXFileReference; explicitFileType = wrapper.cfbundle; includeInIndex = 0; path = BillSplitTests.xctest; sourceTree = BUILT_PRODUCTS_DIR; };
		4FDF3944247AA945003AEE03 /* BillSplitTests.swift */ = {isa = PBXFileReference; lastKnownFileType = sourcecode.swift; path = BillSplitTests.swift; sourceTree = "<group>"; };
		4FDF3946247AA945003AEE03 /* Info.plist */ = {isa = PBXFileReference; lastKnownFileType = text.plist.xml; path = Info.plist; sourceTree = "<group>"; };
		4FDF3952247AB7D4003AEE03 /* BalanceResolver.swift */ = {isa = PBXFileReference; lastKnownFileType = sourcecode.swift; path = BalanceResolver.swift; sourceTree = "<group>"; };
		4FDF3954247AB885003AEE03 /* Natrium.swift */ = {isa = PBXFileReference; fileEncoding = 4; lastKnownFileType = sourcecode.swift; name = Natrium.swift; path = Pods/Natrium/bin/Natrium.swift; sourceTree = SOURCE_ROOT; };
		4FDF3958247AE192003AEE03 /* BalanceResolverTests.swift */ = {isa = PBXFileReference; lastKnownFileType = sourcecode.swift; path = BalanceResolverTests.swift; sourceTree = "<group>"; };
		4FDF395A247AE6D7003AEE03 /* AuthenticationCoordinator.swift */ = {isa = PBXFileReference; lastKnownFileType = sourcecode.swift; path = AuthenticationCoordinator.swift; sourceTree = "<group>"; };
		4FDF395C247AE6E2003AEE03 /* Coordinator.swift */ = {isa = PBXFileReference; lastKnownFileType = sourcecode.swift; path = Coordinator.swift; sourceTree = "<group>"; };
		4FDF395E247AEBD6003AEE03 /* AuthenticationController.xib */ = {isa = PBXFileReference; lastKnownFileType = file.xib; path = AuthenticationController.xib; sourceTree = "<group>"; };
		4FDF3963247AFD34003AEE03 /* AuthenticationController.swift */ = {isa = PBXFileReference; lastKnownFileType = sourcecode.swift; path = AuthenticationController.swift; sourceTree = "<group>"; };
		4FDF3965247AFD8C003AEE03 /* LoginController.swift */ = {isa = PBXFileReference; lastKnownFileType = sourcecode.swift; path = LoginController.swift; sourceTree = "<group>"; };
		4FDF3969247AFDA8003AEE03 /* SignUpController.swift */ = {isa = PBXFileReference; lastKnownFileType = sourcecode.swift; path = SignUpController.swift; sourceTree = "<group>"; };
		4FDF396D247B15E8003AEE03 /* TextInputRow.swift */ = {isa = PBXFileReference; lastKnownFileType = sourcecode.swift; path = TextInputRow.swift; sourceTree = "<group>"; };
		4FDF396F247B1944003AEE03 /* BillSplitAPI.swift */ = {isa = PBXFileReference; lastKnownFileType = sourcecode.swift; path = BillSplitAPI.swift; sourceTree = "<group>"; };
		4FDF3971247BD05C003AEE03 /* Models.swift */ = {isa = PBXFileReference; lastKnownFileType = sourcecode.swift; path = Models.swift; sourceTree = "<group>"; };
		4FDF3973247BF227003AEE03 /* HomeCoordinator.swift */ = {isa = PBXFileReference; lastKnownFileType = sourcecode.swift; path = HomeCoordinator.swift; sourceTree = "<group>"; };
		4FDF3975247C0654003AEE03 /* Constants.swift */ = {isa = PBXFileReference; lastKnownFileType = sourcecode.swift; path = Constants.swift; sourceTree = "<group>"; };
		4FDF3977247C0675003AEE03 /* APIService.swift */ = {isa = PBXFileReference; lastKnownFileType = sourcecode.swift; path = APIService.swift; sourceTree = "<group>"; };
		4FE0EA8C247C18D50005E715 /* DataSource.swift */ = {isa = PBXFileReference; lastKnownFileType = sourcecode.swift; path = DataSource.swift; sourceTree = "<group>"; };
		4FE0EA91247CE8D20005E715 /* en */ = {isa = PBXFileReference; lastKnownFileType = text.plist.stringsdict; name = en; path = en.lproj/Localizable.stringsdict; sourceTree = "<group>"; };
		4FE0EA93247CFBD60005E715 /* Model+RxDataSource.swift */ = {isa = PBXFileReference; lastKnownFileType = sourcecode.swift; path = "Model+RxDataSource.swift"; sourceTree = "<group>"; };
		4FE0EA95247CFBFA0005E715 /* UIKit+Extensions.swift */ = {isa = PBXFileReference; lastKnownFileType = sourcecode.swift; path = "UIKit+Extensions.swift"; sourceTree = "<group>"; };
		4FE0EA97247CFC670005E715 /* HomeController.swift */ = {isa = PBXFileReference; lastKnownFileType = sourcecode.swift; path = HomeController.swift; sourceTree = "<group>"; };
		53446205D4D4D5E4F82D848B /* Pods-BillSplit.release.xcconfig */ = {isa = PBXFileReference; includeInIndex = 1; lastKnownFileType = text.xcconfig; name = "Pods-BillSplit.release.xcconfig"; path = "Target Support Files/Pods-BillSplit/Pods-BillSplit.release.xcconfig"; sourceTree = "<group>"; };
		82FCFF8898AF4DD176A2041A /* Pods-BillSplit.debug.xcconfig */ = {isa = PBXFileReference; includeInIndex = 1; lastKnownFileType = text.xcconfig; name = "Pods-BillSplit.debug.xcconfig"; path = "Target Support Files/Pods-BillSplit/Pods-BillSplit.debug.xcconfig"; sourceTree = "<group>"; };
		8F751362FC61D74CA8054BE4 /* Pods-BillSplitTests.debug.xcconfig */ = {isa = PBXFileReference; includeInIndex = 1; lastKnownFileType = text.xcconfig; name = "Pods-BillSplitTests.debug.xcconfig"; path = "Target Support Files/Pods-BillSplitTests/Pods-BillSplitTests.debug.xcconfig"; sourceTree = "<group>"; };
/* End PBXFileReference section */

/* Begin PBXFrameworksBuildPhase section */
		4FDF3927247AA943003AEE03 /* Frameworks */ = {
			isa = PBXFrameworksBuildPhase;
			buildActionMask = 2147483647;
			files = (
				B5AF234885EA95715EBA714E /* Pods_BillSplit.framework in Frameworks */,
			);
			runOnlyForDeploymentPostprocessing = 0;
		};
		4FDF393D247AA945003AEE03 /* Frameworks */ = {
			isa = PBXFrameworksBuildPhase;
			buildActionMask = 2147483647;
			files = (
				77E84CD5D50F028D42E70CE7 /* Pods_BillSplitTests.framework in Frameworks */,
			);
			runOnlyForDeploymentPostprocessing = 0;
		};
/* End PBXFrameworksBuildPhase section */

/* Begin PBXGroup section */
		4FDF3921247AA943003AEE03 = {
			isa = PBXGroup;
			children = (
				4FDF392C247AA943003AEE03 /* BillSplit */,
				4FDF3943247AA945003AEE03 /* BillSplitTests */,
				4FDF392B247AA943003AEE03 /* Products */,
				8F220275E757658B2CC9B3D3 /* Pods */,
				DD942A6BA8C71DD7A3FB9A09 /* Frameworks */,
			);
			sourceTree = "<group>";
		};
		4FDF392B247AA943003AEE03 /* Products */ = {
			isa = PBXGroup;
			children = (
				4FDF392A247AA943003AEE03 /* BillSplit.app */,
				4FDF3940247AA945003AEE03 /* BillSplitTests.xctest */,
			);
			name = Products;
			sourceTree = "<group>";
		};
		4FDF392C247AA943003AEE03 /* BillSplit */ = {
			isa = PBXGroup;
			children = (
				4FDF392D247AA943003AEE03 /* AppDelegate.swift */,
				4FDF3973247BF227003AEE03 /* HomeCoordinator.swift */,
				4FE0EA97247CFC670005E715 /* HomeController.swift */,
				4FE0EA95247CFBFA0005E715 /* UIKit+Extensions.swift */,
				4FDF3952247AB7D4003AEE03 /* BalanceResolver.swift */,
				4FDF3975247C0654003AEE03 /* Constants.swift */,
				4FDF3938247AA945003AEE03 /* LaunchScreen.storyboard */,
				4FDF3962247AFD06003AEE03 /* Authentication */,
				4FDF3961247AFCE7003AEE03 /* Coordinator */,
				4FDF397A247C070F003AEE03 /* Data */,
				4FDF3956247ABA35003AEE03 /* Supporting Files */,
			);
			path = BillSplit;
			sourceTree = "<group>";
		};
		4FDF3943247AA945003AEE03 /* BillSplitTests */ = {
			isa = PBXGroup;
			children = (
				4FDF3944247AA945003AEE03 /* BillSplitTests.swift */,
				4FDF3958247AE192003AEE03 /* BalanceResolverTests.swift */,
				4FDF3946247AA945003AEE03 /* Info.plist */,
			);
			path = BillSplitTests;
			sourceTree = "<group>";
		};
		4FDF3956247ABA35003AEE03 /* Supporting Files */ = {
			isa = PBXGroup;
			children = (
				4FE0EA92247CE8D20005E715 /* Localizable.stringsdict */,
				4FDF3936247AA945003AEE03 /* Assets.xcassets */,
				4FDF393B247AA945003AEE03 /* Info.plist */,
				4FDF3954247AB885003AEE03 /* Natrium.swift */,
			);
			path = "Supporting Files";
			sourceTree = "<group>";
		};
		4FDF3961247AFCE7003AEE03 /* Coordinator */ = {
			isa = PBXGroup;
			children = (
				4FDF395C247AE6E2003AEE03 /* Coordinator.swift */,
			);
			path = Coordinator;
			sourceTree = "<group>";
		};
		4FDF3962247AFD06003AEE03 /* Authentication */ = {
			isa = PBXGroup;
			children = (
				4FDF396D247B15E8003AEE03 /* TextInputRow.swift */,
				4FDF395E247AEBD6003AEE03 /* AuthenticationController.xib */,
				4FDF395A247AE6D7003AEE03 /* AuthenticationCoordinator.swift */,
				4FDF3963247AFD34003AEE03 /* AuthenticationController.swift */,
				4FDF3965247AFD8C003AEE03 /* LoginController.swift */,
				4FDF3969247AFDA8003AEE03 /* SignUpController.swift */,
			);
			path = Authentication;
			sourceTree = "<group>";
		};
		4FDF397A247C070F003AEE03 /* Data */ = {
			isa = PBXGroup;
			children = (
				4FDF3977247C0675003AEE03 /* APIService.swift */,
				4FDF396F247B1944003AEE03 /* BillSplitAPI.swift */,
				4FDF3971247BD05C003AEE03 /* Models.swift */,
				4FE0EA8C247C18D50005E715 /* DataSource.swift */,
				4FE0EA93247CFBD60005E715 /* Model+RxDataSource.swift */,
			);
			path = Data;
			sourceTree = "<group>";
		};
		8F220275E757658B2CC9B3D3 /* Pods */ = {
			isa = PBXGroup;
			children = (
				82FCFF8898AF4DD176A2041A /* Pods-BillSplit.debug.xcconfig */,
				53446205D4D4D5E4F82D848B /* Pods-BillSplit.release.xcconfig */,
				8F751362FC61D74CA8054BE4 /* Pods-BillSplitTests.debug.xcconfig */,
				419377B200CABDE6EBB40B1D /* Pods-BillSplitTests.release.xcconfig */,
			);
			path = Pods;
			sourceTree = "<group>";
		};
		DD942A6BA8C71DD7A3FB9A09 /* Frameworks */ = {
			isa = PBXGroup;
			children = (
				0E680DAD983128928C79641A /* Pods_BillSplit.framework */,
				3786F92783661ADD5F78B7E6 /* Pods_BillSplitTests.framework */,
			);
			name = Frameworks;
			sourceTree = "<group>";
		};
/* End PBXGroup section */

/* Begin PBXNativeTarget section */
		4FDF3929247AA943003AEE03 /* BillSplit */ = {
			isa = PBXNativeTarget;
			buildConfigurationList = 4FDF3949247AA945003AEE03 /* Build configuration list for PBXNativeTarget "BillSplit" */;
			buildPhases = (
				C9955721D7D8A0E86FB014FE /* [CP] Check Pods Manifest.lock */,
				4FDF3926247AA943003AEE03 /* Sources */,
				4FDF3927247AA943003AEE03 /* Frameworks */,
				4FDF3928247AA943003AEE03 /* Resources */,
				35936913C4E0F31B05342462 /* [CP] Embed Pods Frameworks */,
				4FDF3960247AF852003AEE03 /* Format */,
				4FDF3951247AB05F003AEE03 /* Lint */,
			);
			buildRules = (
			);
			dependencies = (
			);
			name = BillSplit;
			productName = BillSplit;
			productReference = 4FDF392A247AA943003AEE03 /* BillSplit.app */;
			productType = "com.apple.product-type.application";
		};
		4FDF393F247AA945003AEE03 /* BillSplitTests */ = {
			isa = PBXNativeTarget;
			buildConfigurationList = 4FDF394C247AA945003AEE03 /* Build configuration list for PBXNativeTarget "BillSplitTests" */;
			buildPhases = (
				8C4FD596AE36E8E4047A3E7A /* [CP] Check Pods Manifest.lock */,
				4FDF393C247AA945003AEE03 /* Sources */,
				4FDF393D247AA945003AEE03 /* Frameworks */,
				4FDF393E247AA945003AEE03 /* Resources */,
				0D431150DFAF6455D50458C1 /* [CP] Embed Pods Frameworks */,
			);
			buildRules = (
			);
			dependencies = (
				4FDF3942247AA945003AEE03 /* PBXTargetDependency */,
			);
			name = BillSplitTests;
			productName = BillSplitTests;
			productReference = 4FDF3940247AA945003AEE03 /* BillSplitTests.xctest */;
			productType = "com.apple.product-type.bundle.unit-test";
		};
/* End PBXNativeTarget section */

/* Begin PBXProject section */
		4FDF3922247AA943003AEE03 /* Project object */ = {
			isa = PBXProject;
			attributes = {
				LastSwiftUpdateCheck = 1140;
				LastUpgradeCheck = 1140;
				ORGANIZATIONNAME = Chijioke;
				TargetAttributes = {
					4FDF3929247AA943003AEE03 = {
						CreatedOnToolsVersion = 11.4;
					};
					4FDF393F247AA945003AEE03 = {
						CreatedOnToolsVersion = 11.4;
						TestTargetID = 4FDF3929247AA943003AEE03;
					};
				};
			};
			buildConfigurationList = 4FDF3925247AA943003AEE03 /* Build configuration list for PBXProject "BillSplit" */;
			compatibilityVersion = "Xcode 9.3";
			developmentRegion = en;
			hasScannedForEncodings = 0;
			knownRegions = (
				en,
				Base,
			);
			mainGroup = 4FDF3921247AA943003AEE03;
			productRefGroup = 4FDF392B247AA943003AEE03 /* Products */;
			projectDirPath = "";
			projectRoot = "";
			targets = (
				4FDF3929247AA943003AEE03 /* BillSplit */,
				4FDF393F247AA945003AEE03 /* BillSplitTests */,
			);
		};
/* End PBXProject section */

/* Begin PBXResourcesBuildPhase section */
		4FDF3928247AA943003AEE03 /* Resources */ = {
			isa = PBXResourcesBuildPhase;
			buildActionMask = 2147483647;
			files = (
				4FDF395F247AEBD6003AEE03 /* AuthenticationController.xib in Resources */,
				4FDF393A247AA945003AEE03 /* LaunchScreen.storyboard in Resources */,
				4FE0EA90247CE8D20005E715 /* Localizable.stringsdict in Resources */,
				4FDF3937247AA945003AEE03 /* Assets.xcassets in Resources */,
			);
			runOnlyForDeploymentPostprocessing = 0;
		};
		4FDF393E247AA945003AEE03 /* Resources */ = {
			isa = PBXResourcesBuildPhase;
			buildActionMask = 2147483647;
			files = (
			);
			runOnlyForDeploymentPostprocessing = 0;
		};
/* End PBXResourcesBuildPhase section */

/* Begin PBXShellScriptBuildPhase section */
		0D431150DFAF6455D50458C1 /* [CP] Embed Pods Frameworks */ = {
			isa = PBXShellScriptBuildPhase;
			buildActionMask = 2147483647;
			files = (
			);
			inputFileListPaths = (
				"${PODS_ROOT}/Target Support Files/Pods-BillSplitTests/Pods-BillSplitTests-frameworks-${CONFIGURATION}-input-files.xcfilelist",
			);
			name = "[CP] Embed Pods Frameworks";
			outputFileListPaths = (
				"${PODS_ROOT}/Target Support Files/Pods-BillSplitTests/Pods-BillSplitTests-frameworks-${CONFIGURATION}-output-files.xcfilelist",
			);
			runOnlyForDeploymentPostprocessing = 0;
			shellPath = /bin/sh;
			shellScript = "\"${PODS_ROOT}/Target Support Files/Pods-BillSplitTests/Pods-BillSplitTests-frameworks.sh\"\n";
			showEnvVarsInLog = 0;
		};
		35936913C4E0F31B05342462 /* [CP] Embed Pods Frameworks */ = {
			isa = PBXShellScriptBuildPhase;
			buildActionMask = 2147483647;
			files = (
			);
			inputFileListPaths = (
				"${PODS_ROOT}/Target Support Files/Pods-BillSplit/Pods-BillSplit-frameworks-${CONFIGURATION}-input-files.xcfilelist",
			);
			name = "[CP] Embed Pods Frameworks";
			outputFileListPaths = (
				"${PODS_ROOT}/Target Support Files/Pods-BillSplit/Pods-BillSplit-frameworks-${CONFIGURATION}-output-files.xcfilelist",
			);
			runOnlyForDeploymentPostprocessing = 0;
			shellPath = /bin/sh;
			shellScript = "\"${PODS_ROOT}/Target Support Files/Pods-BillSplit/Pods-BillSplit-frameworks.sh\"\n";
			showEnvVarsInLog = 0;
		};
		4FDF3951247AB05F003AEE03 /* Lint */ = {
			isa = PBXShellScriptBuildPhase;
			buildActionMask = 2147483647;
			files = (
			);
			inputFileListPaths = (
			);
			inputPaths = (
			);
			name = Lint;
			outputFileListPaths = (
			);
			outputPaths = (
			);
			runOnlyForDeploymentPostprocessing = 0;
			shellPath = /bin/sh;
			shellScript = "\"${PODS_ROOT}/SwiftLint/swiftlint\"\n";
		};
		4FDF3960247AF852003AEE03 /* Format */ = {
			isa = PBXShellScriptBuildPhase;
			buildActionMask = 2147483647;
			files = (
			);
			inputFileListPaths = (
			);
			inputPaths = (
			);
			name = Format;
			outputFileListPaths = (
			);
			outputPaths = (
			);
			runOnlyForDeploymentPostprocessing = 0;
			shellPath = /bin/sh;
			shellScript = "\"${PODS_ROOT}/SwiftFormat/CommandLineTool/swiftformat\" \"$SRCROOT\"\n";
		};
		8C4FD596AE36E8E4047A3E7A /* [CP] Check Pods Manifest.lock */ = {
			isa = PBXShellScriptBuildPhase;
			buildActionMask = 2147483647;
			files = (
			);
			inputFileListPaths = (
			);
			inputPaths = (
				"${PODS_PODFILE_DIR_PATH}/Podfile.lock",
				"${PODS_ROOT}/Manifest.lock",
			);
			name = "[CP] Check Pods Manifest.lock";
			outputFileListPaths = (
			);
			outputPaths = (
				"$(DERIVED_FILE_DIR)/Pods-BillSplitTests-checkManifestLockResult.txt",
			);
			runOnlyForDeploymentPostprocessing = 0;
			shellPath = /bin/sh;
			shellScript = "diff \"${PODS_PODFILE_DIR_PATH}/Podfile.lock\" \"${PODS_ROOT}/Manifest.lock\" > /dev/null\nif [ $? != 0 ] ; then\n    # print error to STDERR\n    echo \"error: The sandbox is not in sync with the Podfile.lock. Run 'pod install' or update your CocoaPods installation.\" >&2\n    exit 1\nfi\n# This output is used by Xcode 'outputs' to avoid re-running this script phase.\necho \"SUCCESS\" > \"${SCRIPT_OUTPUT_FILE_0}\"\n";
			showEnvVarsInLog = 0;
		};
		C9955721D7D8A0E86FB014FE /* [CP] Check Pods Manifest.lock */ = {
			isa = PBXShellScriptBuildPhase;
			buildActionMask = 2147483647;
			files = (
			);
			inputFileListPaths = (
			);
			inputPaths = (
				"${PODS_PODFILE_DIR_PATH}/Podfile.lock",
				"${PODS_ROOT}/Manifest.lock",
			);
			name = "[CP] Check Pods Manifest.lock";
			outputFileListPaths = (
			);
			outputPaths = (
				"$(DERIVED_FILE_DIR)/Pods-BillSplit-checkManifestLockResult.txt",
			);
			runOnlyForDeploymentPostprocessing = 0;
			shellPath = /bin/sh;
			shellScript = "diff \"${PODS_PODFILE_DIR_PATH}/Podfile.lock\" \"${PODS_ROOT}/Manifest.lock\" > /dev/null\nif [ $? != 0 ] ; then\n    # print error to STDERR\n    echo \"error: The sandbox is not in sync with the Podfile.lock. Run 'pod install' or update your CocoaPods installation.\" >&2\n    exit 1\nfi\n# This output is used by Xcode 'outputs' to avoid re-running this script phase.\necho \"SUCCESS\" > \"${SCRIPT_OUTPUT_FILE_0}\"\n";
			showEnvVarsInLog = 0;
		};
/* End PBXShellScriptBuildPhase section */

/* Begin PBXSourcesBuildPhase section */
		4FDF3926247AA943003AEE03 /* Sources */ = {
			isa = PBXSourcesBuildPhase;
			buildActionMask = 2147483647;
			files = (
				4FDF3972247BD05C003AEE03 /* Models.swift in Sources */,
				4FDF3955247AB885003AEE03 /* Natrium.swift in Sources */,
				4FDF395B247AE6D7003AEE03 /* AuthenticationCoordinator.swift in Sources */,
				4FE0EA8D247C18D50005E715 /* DataSource.swift in Sources */,
				4FE0EA94247CFBD60005E715 /* Model+RxDataSource.swift in Sources */,
				4FDF395D247AE6E2003AEE03 /* Coordinator.swift in Sources */,
				4FDF396E247B15E8003AEE03 /* TextInputRow.swift in Sources */,
				4FDF3974247BF227003AEE03 /* HomeCoordinator.swift in Sources */,
				4FDF396B247AFDA8003AEE03 /* SignUpController.swift in Sources */,
				4FDF3976247C0654003AEE03 /* Constants.swift in Sources */,
				4FDF3978247C0675003AEE03 /* APIService.swift in Sources */,
				4FDF3964247AFD34003AEE03 /* AuthenticationController.swift in Sources */,
				4FDF3953247AB7D5003AEE03 /* BalanceResolver.swift in Sources */,
				4FDF392E247AA943003AEE03 /* AppDelegate.swift in Sources */,
				4FE0EA98247CFC670005E715 /* HomeController.swift in Sources */,
				4FE0EA96247CFBFA0005E715 /* UIKit+Extensions.swift in Sources */,
				4FDF3970247B1944003AEE03 /* BillSplitAPI.swift in Sources */,
				4FDF3967247AFD8C003AEE03 /* LoginController.swift in Sources */,
			);
			runOnlyForDeploymentPostprocessing = 0;
		};
		4FDF393C247AA945003AEE03 /* Sources */ = {
			isa = PBXSourcesBuildPhase;
			buildActionMask = 2147483647;
			files = (
				4FDF3959247AE192003AEE03 /* BalanceResolverTests.swift in Sources */,
				4FDF3945247AA945003AEE03 /* BillSplitTests.swift in Sources */,
			);
			runOnlyForDeploymentPostprocessing = 0;
		};
/* End PBXSourcesBuildPhase section */

/* Begin PBXTargetDependency section */
		4FDF3942247AA945003AEE03 /* PBXTargetDependency */ = {
			isa = PBXTargetDependency;
			target = 4FDF3929247AA943003AEE03 /* BillSplit */;
			targetProxy = 4FDF3941247AA945003AEE03 /* PBXContainerItemProxy */;
		};
/* End PBXTargetDependency section */

/* Begin PBXVariantGroup section */
		4FDF3938247AA945003AEE03 /* LaunchScreen.storyboard */ = {
			isa = PBXVariantGroup;
			children = (
				4FDF3939247AA945003AEE03 /* Base */,
			);
			name = LaunchScreen.storyboard;
			sourceTree = "<group>";
		};
		4FE0EA92247CE8D20005E715 /* Localizable.stringsdict */ = {
			isa = PBXVariantGroup;
			children = (
				4FE0EA91247CE8D20005E715 /* en */,
			);
			name = Localizable.stringsdict;
			sourceTree = "<group>";
		};
/* End PBXVariantGroup section */

/* Begin XCBuildConfiguration section */
		4FDF3947247AA945003AEE03 /* Debug */ = {
			isa = XCBuildConfiguration;
			buildSettings = {
				ALWAYS_SEARCH_USER_PATHS = NO;
				CLANG_ANALYZER_NONNULL = YES;
				CLANG_ANALYZER_NUMBER_OBJECT_CONVERSION = YES_AGGRESSIVE;
				CLANG_CXX_LANGUAGE_STANDARD = "gnu++14";
				CLANG_CXX_LIBRARY = "libc++";
				CLANG_ENABLE_MODULES = YES;
				CLANG_ENABLE_OBJC_ARC = YES;
				CLANG_ENABLE_OBJC_WEAK = YES;
				CLANG_WARN_BLOCK_CAPTURE_AUTORELEASING = YES;
				CLANG_WARN_BOOL_CONVERSION = YES;
				CLANG_WARN_COMMA = YES;
				CLANG_WARN_CONSTANT_CONVERSION = YES;
				CLANG_WARN_DEPRECATED_OBJC_IMPLEMENTATIONS = YES;
				CLANG_WARN_DIRECT_OBJC_ISA_USAGE = YES_ERROR;
				CLANG_WARN_DOCUMENTATION_COMMENTS = YES;
				CLANG_WARN_EMPTY_BODY = YES;
				CLANG_WARN_ENUM_CONVERSION = YES;
				CLANG_WARN_INFINITE_RECURSION = YES;
				CLANG_WARN_INT_CONVERSION = YES;
				CLANG_WARN_NON_LITERAL_NULL_CONVERSION = YES;
				CLANG_WARN_OBJC_IMPLICIT_RETAIN_SELF = YES;
				CLANG_WARN_OBJC_LITERAL_CONVERSION = YES;
				CLANG_WARN_OBJC_ROOT_CLASS = YES_ERROR;
				CLANG_WARN_RANGE_LOOP_ANALYSIS = YES;
				CLANG_WARN_STRICT_PROTOTYPES = YES;
				CLANG_WARN_SUSPICIOUS_MOVE = YES;
				CLANG_WARN_UNGUARDED_AVAILABILITY = YES_AGGRESSIVE;
				CLANG_WARN_UNREACHABLE_CODE = YES;
				CLANG_WARN__DUPLICATE_METHOD_MATCH = YES;
				COPY_PHASE_STRIP = NO;
				DEBUG_INFORMATION_FORMAT = dwarf;
				ENABLE_STRICT_OBJC_MSGSEND = YES;
				ENABLE_TESTABILITY = YES;
				GCC_C_LANGUAGE_STANDARD = gnu11;
				GCC_DYNAMIC_NO_PIC = NO;
				GCC_NO_COMMON_BLOCKS = YES;
				GCC_OPTIMIZATION_LEVEL = 0;
				GCC_PREPROCESSOR_DEFINITIONS = (
					"DEBUG=1",
					"$(inherited)",
				);
				GCC_WARN_64_TO_32_BIT_CONVERSION = YES;
				GCC_WARN_ABOUT_RETURN_TYPE = YES_ERROR;
				GCC_WARN_UNDECLARED_SELECTOR = YES;
				GCC_WARN_UNINITIALIZED_AUTOS = YES_AGGRESSIVE;
				GCC_WARN_UNUSED_FUNCTION = YES;
				GCC_WARN_UNUSED_VARIABLE = YES;
				IPHONEOS_DEPLOYMENT_TARGET = 13.4;
				MTL_ENABLE_DEBUG_INFO = INCLUDE_SOURCE;
				MTL_FAST_MATH = YES;
				ONLY_ACTIVE_ARCH = YES;
				SDKROOT = iphoneos;
				SWIFT_ACTIVE_COMPILATION_CONDITIONS = DEBUG;
				SWIFT_OPTIMIZATION_LEVEL = "-Onone";
			};
			name = Debug;
		};
		4FDF3948247AA945003AEE03 /* Release */ = {
			isa = XCBuildConfiguration;
			buildSettings = {
				ALWAYS_SEARCH_USER_PATHS = NO;
				CLANG_ANALYZER_NONNULL = YES;
				CLANG_ANALYZER_NUMBER_OBJECT_CONVERSION = YES_AGGRESSIVE;
				CLANG_CXX_LANGUAGE_STANDARD = "gnu++14";
				CLANG_CXX_LIBRARY = "libc++";
				CLANG_ENABLE_MODULES = YES;
				CLANG_ENABLE_OBJC_ARC = YES;
				CLANG_ENABLE_OBJC_WEAK = YES;
				CLANG_WARN_BLOCK_CAPTURE_AUTORELEASING = YES;
				CLANG_WARN_BOOL_CONVERSION = YES;
				CLANG_WARN_COMMA = YES;
				CLANG_WARN_CONSTANT_CONVERSION = YES;
				CLANG_WARN_DEPRECATED_OBJC_IMPLEMENTATIONS = YES;
				CLANG_WARN_DIRECT_OBJC_ISA_USAGE = YES_ERROR;
				CLANG_WARN_DOCUMENTATION_COMMENTS = YES;
				CLANG_WARN_EMPTY_BODY = YES;
				CLANG_WARN_ENUM_CONVERSION = YES;
				CLANG_WARN_INFINITE_RECURSION = YES;
				CLANG_WARN_INT_CONVERSION = YES;
				CLANG_WARN_NON_LITERAL_NULL_CONVERSION = YES;
				CLANG_WARN_OBJC_IMPLICIT_RETAIN_SELF = YES;
				CLANG_WARN_OBJC_LITERAL_CONVERSION = YES;
				CLANG_WARN_OBJC_ROOT_CLASS = YES_ERROR;
				CLANG_WARN_RANGE_LOOP_ANALYSIS = YES;
				CLANG_WARN_STRICT_PROTOTYPES = YES;
				CLANG_WARN_SUSPICIOUS_MOVE = YES;
				CLANG_WARN_UNGUARDED_AVAILABILITY = YES_AGGRESSIVE;
				CLANG_WARN_UNREACHABLE_CODE = YES;
				CLANG_WARN__DUPLICATE_METHOD_MATCH = YES;
				COPY_PHASE_STRIP = NO;
				DEBUG_INFORMATION_FORMAT = "dwarf-with-dsym";
				ENABLE_NS_ASSERTIONS = NO;
				ENABLE_STRICT_OBJC_MSGSEND = YES;
				GCC_C_LANGUAGE_STANDARD = gnu11;
				GCC_NO_COMMON_BLOCKS = YES;
				GCC_WARN_64_TO_32_BIT_CONVERSION = YES;
				GCC_WARN_ABOUT_RETURN_TYPE = YES_ERROR;
				GCC_WARN_UNDECLARED_SELECTOR = YES;
				GCC_WARN_UNINITIALIZED_AUTOS = YES_AGGRESSIVE;
				GCC_WARN_UNUSED_FUNCTION = YES;
				GCC_WARN_UNUSED_VARIABLE = YES;
				IPHONEOS_DEPLOYMENT_TARGET = 13.4;
				MTL_ENABLE_DEBUG_INFO = NO;
				MTL_FAST_MATH = YES;
				SDKROOT = iphoneos;
				SWIFT_COMPILATION_MODE = wholemodule;
				SWIFT_OPTIMIZATION_LEVEL = "-O";
				VALIDATE_PRODUCT = YES;
			};
			name = Release;
		};
		4FDF394A247AA945003AEE03 /* Debug */ = {
			isa = XCBuildConfiguration;
			baseConfigurationReference = 82FCFF8898AF4DD176A2041A /* Pods-BillSplit.debug.xcconfig */;
			buildSettings = {
				ASSETCATALOG_COMPILER_APPICON_NAME = AppIcon;
				CODE_SIGN_STYLE = Automatic;
				DEVELOPMENT_TEAM = M9399PEWF4;
				INFOPLIST_FILE = "BillSplit/Supporting Files/Info.plist";
				LD_RUNPATH_SEARCH_PATHS = (
					"$(inherited)",
					"@executable_path/Frameworks",
				);
				PRODUCT_BUNDLE_IDENTIFIER = cjndubisi.BillSplit;
				PRODUCT_NAME = "$(TARGET_NAME)";
				SWIFT_VERSION = 5.0;
				TARGETED_DEVICE_FAMILY = "1,2";
				VERSIONING_SYSTEM = "apple-generic";
			};
			name = Debug;
		};
		4FDF394B247AA945003AEE03 /* Release */ = {
			isa = XCBuildConfiguration;
			baseConfigurationReference = 53446205D4D4D5E4F82D848B /* Pods-BillSplit.release.xcconfig */;
			buildSettings = {
				ASSETCATALOG_COMPILER_APPICON_NAME = AppIcon;
				CODE_SIGN_STYLE = Automatic;
				DEVELOPMENT_TEAM = M9399PEWF4;
				INFOPLIST_FILE = "BillSplit/Supporting Files/Info.plist";
				LD_RUNPATH_SEARCH_PATHS = (
					"$(inherited)",
					"@executable_path/Frameworks",
				);
				PRODUCT_BUNDLE_IDENTIFIER = cjndubisi.BillSplit;
				PRODUCT_NAME = "$(TARGET_NAME)";
				SWIFT_VERSION = 5.0;
				TARGETED_DEVICE_FAMILY = "1,2";
				VERSIONING_SYSTEM = "apple-generic";
			};
			name = Release;
		};
		4FDF394D247AA945003AEE03 /* Debug */ = {
			isa = XCBuildConfiguration;
			baseConfigurationReference = 8F751362FC61D74CA8054BE4 /* Pods-BillSplitTests.debug.xcconfig */;
			buildSettings = {
				BUNDLE_LOADER = "$(TEST_HOST)";
				CODE_SIGN_STYLE = Automatic;
				DEVELOPMENT_TEAM = M9399PEWF4;
				INFOPLIST_FILE = BillSplitTests/Info.plist;
				IPHONEOS_DEPLOYMENT_TARGET = 13.4;
				LD_RUNPATH_SEARCH_PATHS = (
					"$(inherited)",
					"@executable_path/Frameworks",
					"@loader_path/Frameworks",
				);
				PRODUCT_BUNDLE_IDENTIFIER = cjndubisi.BillSplitTests;
				PRODUCT_NAME = "$(TARGET_NAME)";
				SWIFT_VERSION = 5.0;
				TARGETED_DEVICE_FAMILY = "1,2";
				TEST_HOST = "$(BUILT_PRODUCTS_DIR)/BillSplit.app/BillSplit";
			};
			name = Debug;
		};
		4FDF394E247AA945003AEE03 /* Release */ = {
			isa = XCBuildConfiguration;
			baseConfigurationReference = 419377B200CABDE6EBB40B1D /* Pods-BillSplitTests.release.xcconfig */;
			buildSettings = {
				BUNDLE_LOADER = "$(TEST_HOST)";
				CODE_SIGN_STYLE = Automatic;
				DEVELOPMENT_TEAM = M9399PEWF4;
				INFOPLIST_FILE = BillSplitTests/Info.plist;
				IPHONEOS_DEPLOYMENT_TARGET = 13.4;
				LD_RUNPATH_SEARCH_PATHS = (
					"$(inherited)",
					"@executable_path/Frameworks",
					"@loader_path/Frameworks",
				);
				PRODUCT_BUNDLE_IDENTIFIER = cjndubisi.BillSplitTests;
				PRODUCT_NAME = "$(TARGET_NAME)";
				SWIFT_VERSION = 5.0;
				TARGETED_DEVICE_FAMILY = "1,2";
				TEST_HOST = "$(BUILT_PRODUCTS_DIR)/BillSplit.app/BillSplit";
			};
			name = Release;
		};
/* End XCBuildConfiguration section */

/* Begin XCConfigurationList section */
		4FDF3925247AA943003AEE03 /* Build configuration list for PBXProject "BillSplit" */ = {
			isa = XCConfigurationList;
			buildConfigurations = (
				4FDF3947247AA945003AEE03 /* Debug */,
				4FDF3948247AA945003AEE03 /* Release */,
			);
			defaultConfigurationIsVisible = 0;
			defaultConfigurationName = Release;
		};
		4FDF3949247AA945003AEE03 /* Build configuration list for PBXNativeTarget "BillSplit" */ = {
			isa = XCConfigurationList;
			buildConfigurations = (
				4FDF394A247AA945003AEE03 /* Debug */,
				4FDF394B247AA945003AEE03 /* Release */,
			);
			defaultConfigurationIsVisible = 0;
			defaultConfigurationName = Release;
		};
		4FDF394C247AA945003AEE03 /* Build configuration list for PBXNativeTarget "BillSplitTests" */ = {
			isa = XCConfigurationList;
			buildConfigurations = (
				4FDF394D247AA945003AEE03 /* Debug */,
				4FDF394E247AA945003AEE03 /* Release */,
			);
			defaultConfigurationIsVisible = 0;
			defaultConfigurationName = Release;
		};
/* End XCConfigurationList section */
	};
	rootObject = 4FDF3922247AA943003AEE03 /* Project object */;
}
